
Microsoft Visual Studio Solution File, Format Version 12.00
# Visual Studio Version 17
VisualStudioVersion = 17.1.32319.34
MinimumVisualStudioVersion = 10.0.40219.1
Project("{9A19103F-16F7-4668-BE54-9A1E7A4F7556}") = "FinnStock.WebAPI", "FinnStock.WebAPI\FinnStock.WebAPI.csproj", "{A3E55F06-DC94-4CC6-88E5-738128C08A74}"
EndProject
Project("{2150E333-8FDC-42A3-9474-1A3956D46DE8}") = "Application", "Application", "{264D7916-55FC-4D5E-A3C7-1CC1F7DCF5E2}"
EndProject
Project("{2150E333-8FDC-42A3-9474-1A3956D46DE8}") = "Business", "Business", "{CDFAD355-E9D4-4A10-BC1D-1640D8479EAC}"
EndProject
Project("{2150E333-8FDC-42A3-9474-1A3956D46DE8}") = "Infrastructure", "Infrastructure", "{61742AFC-2743-4296-B407-B2CC627C087B}"
EndProject
Project("{2150E333-8FDC-42A3-9474-1A3956D46DE8}") = "Tests", "Tests", "{F37A65BA-C6E4-4F17-8976-B3F76E155981}"
EndProject
Project("{2150E333-8FDC-42A3-9474-1A3956D46DE8}") = "Utils", "Utils", "{BE701D1E-CC0C-43D2-88CE-678444BF928C}"
EndProject
Project("{9A19103F-16F7-4668-BE54-9A1E7A4F7556}") = "FinnStock.Domain", "FinnStock.Domain\FinnStock.Domain.csproj", "{129DAE64-BF63-4E7E-A024-C41B1C4C7015}"
EndProject
Project("{9A19103F-16F7-4668-BE54-9A1E7A4F7556}") = "FinnStock.Dtos", "FinnStock.Dtos\FinnStock.Dtos.csproj", "{AE54FC21-2CE9-4B9F-8430-3CC45A03EAC3}"
EndProject
Project("{9A19103F-16F7-4668-BE54-9A1E7A4F7556}") = "FinnStock.Services", "FinnStock.Services\FinnStock.Services.csproj", "{988246EF-6B9E-4CCA-B6E8-7A60B050A66B}"
EndProject
Project("{9A19103F-16F7-4668-BE54-9A1E7A4F7556}") = "FinnStock.UnitOfWork", "FinnStock.UnitOfWork\FinnStock.UnitOfWork.csproj", "{9C0463D9-75E5-4869-B965-5DB1B2810DA1}"
EndProject
Project("{9A19103F-16F7-4668-BE54-9A1E7A4F7556}") = "FinnStock.Infrastructure.Abstractions", "FinnStock.Infrastructure.Abstractions\FinnStock.Infrastructure.Abstractions.csproj", "{91767E75-9B35-4030-A994-59A71151255A}"
EndProject
Project("{9A19103F-16F7-4668-BE54-9A1E7A4F7556}") = "FinnStock.Clients", "FinnStock.Clients\FinnStock.Clients.csproj", "{9049A0D9-5A32-441E-A4F6-60F1F599A34B}"
EndProject
Project("{9A19103F-16F7-4668-BE54-9A1E7A4F7556}") = "FinnStock.SQLWork", "FinnStock.Repositories\FinnStock.SQLWork.csproj", "{0910DF62-33D5-401F-A1E5-20F2B1725DFC}"
EndProject
Project("{9A19103F-16F7-4668-BE54-9A1E7A4F7556}") = "FinnStock.Business.Abstractions", "FinnStock.Business.Abstractions\FinnStock.Business.Abstractions.csproj", "{A9970682-25A3-424B-9B4F-567674709FA1}"
EndProject
Project("{9A19103F-16F7-4668-BE54-9A1E7A4F7556}") = "FinnStock.DependencyInjection", "FinnStock.DependencyInjection\FinnStock.DependencyInjection.csproj", "{7BBC0106-4237-4876-BD34-3FA84B989FF2}"
EndProject
Project("{9A19103F-16F7-4668-BE54-9A1E7A4F7556}") = "FinnStock.Utils", "FinnStock.Utils\FinnStock.Utils.csproj", "{85EB1A30-ADCD-4B15-B96E-EB62222031D5}"
EndProject
Project("{9A19103F-16F7-4668-BE54-9A1E7A4F7556}") = "FinnStock.Tests", "FinnStock.Tests\FinnStock.Tests.csproj", "{F368EE00-EA28-4623-9E76-67429B311BAB}"
EndProject
Project("{9A19103F-16F7-4668-BE54-9A1E7A4F7556}") = "FinnStock.Cache", "FinnhubStock.Cache\FinnStock.Cache.csproj", "{33EFC871-E222-4723-B111-1E4F48796C5B}"
EndProject
Project("{9A19103F-16F7-4668-BE54-9A1E7A4F7556}") = "FinnStock.WebSocket", "FinnStock.WebSocket\FinnStock.WebSocket.csproj", "{47E17111-6BC2-437A-AE71-E466C63EFEEB}"
EndProject
Project("{FAE04EC0-301F-11D3-BF4B-00C04F79EFBC}") = "FinnStock.Azure", "FinnStock.Azure\FinnStock.Azure.csproj", "{37D3A1D3-2A72-41F0-830C-F1E706F38432}"
EndProject
Global
	GlobalSection(SolutionConfigurationPlatforms) = preSolution
		Debug|Any CPU = Debug|Any CPU
		Release|Any CPU = Release|Any CPU
	EndGlobalSection
	GlobalSection(ProjectConfigurationPlatforms) = postSolution
		{A3E55F06-DC94-4CC6-88E5-738128C08A74}.Debug|Any CPU.ActiveCfg = Debug|Any CPU
		{A3E55F06-DC94-4CC6-88E5-738128C08A74}.Debug|Any CPU.Build.0 = Debug|Any CPU
		{A3E55F06-DC94-4CC6-88E5-738128C08A74}.Release|Any CPU.ActiveCfg = Release|Any CPU
		{A3E55F06-DC94-4CC6-88E5-738128C08A74}.Release|Any CPU.Build.0 = Release|Any CPU
		{129DAE64-BF63-4E7E-A024-C41B1C4C7015}.Debug|Any CPU.ActiveCfg = Debug|Any CPU
		{129DAE64-BF63-4E7E-A024-C41B1C4C7015}.Debug|Any CPU.Build.0 = Debug|Any CPU
		{129DAE64-BF63-4E7E-A024-C41B1C4C7015}.Release|Any CPU.ActiveCfg = Release|Any CPU
		{129DAE64-BF63-4E7E-A024-C41B1C4C7015}.Release|Any CPU.Build.0 = Release|Any CPU
		{AE54FC21-2CE9-4B9F-8430-3CC45A03EAC3}.Debug|Any CPU.ActiveCfg = Debug|Any CPU
		{AE54FC21-2CE9-4B9F-8430-3CC45A03EAC3}.Debug|Any CPU.Build.0 = Debug|Any CPU
		{AE54FC21-2CE9-4B9F-8430-3CC45A03EAC3}.Release|Any CPU.ActiveCfg = Release|Any CPU
		{AE54FC21-2CE9-4B9F-8430-3CC45A03EAC3}.Release|Any CPU.Build.0 = Release|Any CPU
		{988246EF-6B9E-4CCA-B6E8-7A60B050A66B}.Debug|Any CPU.ActiveCfg = Debug|Any CPU
		{988246EF-6B9E-4CCA-B6E8-7A60B050A66B}.Debug|Any CPU.Build.0 = Debug|Any CPU
		{988246EF-6B9E-4CCA-B6E8-7A60B050A66B}.Release|Any CPU.ActiveCfg = Release|Any CPU
		{988246EF-6B9E-4CCA-B6E8-7A60B050A66B}.Release|Any CPU.Build.0 = Release|Any CPU
		{9C0463D9-75E5-4869-B965-5DB1B2810DA1}.Debug|Any CPU.ActiveCfg = Debug|Any CPU
		{9C0463D9-75E5-4869-B965-5DB1B2810DA1}.Debug|Any CPU.Build.0 = Debug|Any CPU
		{9C0463D9-75E5-4869-B965-5DB1B2810DA1}.Release|Any CPU.ActiveCfg = Release|Any CPU
		{9C0463D9-75E5-4869-B965-5DB1B2810DA1}.Release|Any CPU.Build.0 = Release|Any CPU
		{91767E75-9B35-4030-A994-59A71151255A}.Debug|Any CPU.ActiveCfg = Debug|Any CPU
		{91767E75-9B35-4030-A994-59A71151255A}.Debug|Any CPU.Build.0 = Debug|Any CPU
		{91767E75-9B35-4030-A994-59A71151255A}.Release|Any CPU.ActiveCfg = Release|Any CPU
		{91767E75-9B35-4030-A994-59A71151255A}.Release|Any CPU.Build.0 = Release|Any CPU
		{9049A0D9-5A32-441E-A4F6-60F1F599A34B}.Debug|Any CPU.ActiveCfg = Debug|Any CPU
		{9049A0D9-5A32-441E-A4F6-60F1F599A34B}.Debug|Any CPU.Build.0 = Debug|Any CPU
		{9049A0D9-5A32-441E-A4F6-60F1F599A34B}.Release|Any CPU.ActiveCfg = Release|Any CPU
		{9049A0D9-5A32-441E-A4F6-60F1F599A34B}.Release|Any CPU.Build.0 = Release|Any CPU
		{0910DF62-33D5-401F-A1E5-20F2B1725DFC}.Debug|Any CPU.ActiveCfg = Debug|Any CPU
		{0910DF62-33D5-401F-A1E5-20F2B1725DFC}.Debug|Any CPU.Build.0 = Debug|Any CPU
		{0910DF62-33D5-401F-A1E5-20F2B1725DFC}.Release|Any CPU.ActiveCfg = Release|Any CPU
		{0910DF62-33D5-401F-A1E5-20F2B1725DFC}.Release|Any CPU.Build.0 = Release|Any CPU
		{A9970682-25A3-424B-9B4F-567674709FA1}.Debug|Any CPU.ActiveCfg = Debug|Any CPU
		{A9970682-25A3-424B-9B4F-567674709FA1}.Debug|Any CPU.Build.0 = Debug|Any CPU
		{A9970682-25A3-424B-9B4F-567674709FA1}.Release|Any CPU.ActiveCfg = Release|Any CPU
		{A9970682-25A3-424B-9B4F-567674709FA1}.Release|Any CPU.Build.0 = Release|Any CPU
		{7BBC0106-4237-4876-BD34-3FA84B989FF2}.Debug|Any CPU.ActiveCfg = Debug|Any CPU
		{7BBC0106-4237-4876-BD34-3FA84B989FF2}.Debug|Any CPU.Build.0 = Debug|Any CPU
		{7BBC0106-4237-4876-BD34-3FA84B989FF2}.Release|Any CPU.ActiveCfg = Release|Any CPU
		{7BBC0106-4237-4876-BD34-3FA84B989FF2}.Release|Any CPU.Build.0 = Release|Any CPU
		{85EB1A30-ADCD-4B15-B96E-EB62222031D5}.Debug|Any CPU.ActiveCfg = Debug|Any CPU
		{85EB1A30-ADCD-4B15-B96E-EB62222031D5}.Debug|Any CPU.Build.0 = Debug|Any CPU
		{85EB1A30-ADCD-4B15-B96E-EB62222031D5}.Release|Any CPU.ActiveCfg = Release|Any CPU
		{85EB1A30-ADCD-4B15-B96E-EB62222031D5}.Release|Any CPU.Build.0 = Release|Any CPU
		{F368EE00-EA28-4623-9E76-67429B311BAB}.Debug|Any CPU.ActiveCfg = Debug|Any CPU
		{F368EE00-EA28-4623-9E76-67429B311BAB}.Debug|Any CPU.Build.0 = Debug|Any CPU
		{F368EE00-EA28-4623-9E76-67429B311BAB}.Release|Any CPU.ActiveCfg = Release|Any CPU
		{F368EE00-EA28-4623-9E76-67429B311BAB}.Release|Any CPU.Build.0 = Release|Any CPU
		{33EFC871-E222-4723-B111-1E4F48796C5B}.Debug|Any CPU.ActiveCfg = Debug|Any CPU
		{33EFC871-E222-4723-B111-1E4F48796C5B}.Debug|Any CPU.Build.0 = Debug|Any CPU
		{33EFC871-E222-4723-B111-1E4F48796C5B}.Release|Any CPU.ActiveCfg = Release|Any CPU
		{33EFC871-E222-4723-B111-1E4F48796C5B}.Release|Any CPU.Build.0 = Release|Any CPU
		{47E17111-6BC2-437A-AE71-E466C63EFEEB}.Debug|Any CPU.ActiveCfg = Debug|Any CPU
		{47E17111-6BC2-437A-AE71-E466C63EFEEB}.Debug|Any CPU.Build.0 = Debug|Any CPU
		{47E17111-6BC2-437A-AE71-E466C63EFEEB}.Release|Any CPU.ActiveCfg = Release|Any CPU
		{47E17111-6BC2-437A-AE71-E466C63EFEEB}.Release|Any CPU.Build.0 = Release|Any CPU
		{37D3A1D3-2A72-41F0-830C-F1E706F38432}.Debug|Any CPU.ActiveCfg = Debug|Any CPU
		{37D3A1D3-2A72-41F0-830C-F1E706F38432}.Debug|Any CPU.Build.0 = Debug|Any CPU
		{37D3A1D3-2A72-41F0-830C-F1E706F38432}.Release|Any CPU.ActiveCfg = Release|Any CPU
		{37D3A1D3-2A72-41F0-830C-F1E706F38432}.Release|Any CPU.Build.0 = Release|Any CPU
	EndGlobalSection
	GlobalSection(SolutionProperties) = preSolution
		HideSolutionNode = FALSE
	EndGlobalSection
	GlobalSection(NestedProjects) = preSolution
		{A3E55F06-DC94-4CC6-88E5-738128C08A74} = {264D7916-55FC-4D5E-A3C7-1CC1F7DCF5E2}
		{129DAE64-BF63-4E7E-A024-C41B1C4C7015} = {CDFAD355-E9D4-4A10-BC1D-1640D8479EAC}
		{AE54FC21-2CE9-4B9F-8430-3CC45A03EAC3} = {CDFAD355-E9D4-4A10-BC1D-1640D8479EAC}
		{988246EF-6B9E-4CCA-B6E8-7A60B050A66B} = {CDFAD355-E9D4-4A10-BC1D-1640D8479EAC}
		{9C0463D9-75E5-4869-B965-5DB1B2810DA1} = {61742AFC-2743-4296-B407-B2CC627C087B}
		{91767E75-9B35-4030-A994-59A71151255A} = {61742AFC-2743-4296-B407-B2CC627C087B}
		{9049A0D9-5A32-441E-A4F6-60F1F599A34B} = {61742AFC-2743-4296-B407-B2CC627C087B}
		{0910DF62-33D5-401F-A1E5-20F2B1725DFC} = {61742AFC-2743-4296-B407-B2CC627C087B}
		{A9970682-25A3-424B-9B4F-567674709FA1} = {CDFAD355-E9D4-4A10-BC1D-1640D8479EAC}
		{7BBC0106-4237-4876-BD34-3FA84B989FF2} = {CDFAD355-E9D4-4A10-BC1D-1640D8479EAC}
		{85EB1A30-ADCD-4B15-B96E-EB62222031D5} = {BE701D1E-CC0C-43D2-88CE-678444BF928C}
		{F368EE00-EA28-4623-9E76-67429B311BAB} = {F37A65BA-C6E4-4F17-8976-B3F76E155981}
		{33EFC871-E222-4723-B111-1E4F48796C5B} = {61742AFC-2743-4296-B407-B2CC627C087B}
		{47E17111-6BC2-437A-AE71-E466C63EFEEB} = {61742AFC-2743-4296-B407-B2CC627C087B}
		{37D3A1D3-2A72-41F0-830C-F1E706F38432} = {61742AFC-2743-4296-B407-B2CC627C087B}
	EndGlobalSection
	GlobalSection(ExtensibilityGlobals) = postSolution
		SolutionGuid = {AB7813B9-1F9F-4FD4-8A82-1A12C3F02964}
	EndGlobalSection
EndGlobal
